{
    "_meta": {
        "hash": {
            "sha256": "77c72f3c96453cd6307c12ba97306517903d952d71d4a2ea1fe4ce725b0766d7"
        },
        "pipfile-spec": 6,
        "requires": {
            "python_version": "3.9"
        },
        "sources": [
            {
                "name": "pypi",
                "url": "https://pypi.org/simple",
                "verify_ssl": true
            }
        ]
    },
    "default": {
        "grpcio": {
            "hashes": [
                "sha256:075f2d06e3db6b48a2157a1bcd52d6cbdca980dd18988fe6afdb41795d51625f",
                "sha256:08ff74aec8ff457a89b97152d36cb811dcc1d17cd5a92a65933524e363327394",
                "sha256:0b24a74651438d45619ac67004638856f76cc13d78b7478f2457754cbcb1c8ad",
                "sha256:0e20d59aafc086b1cc68400463bddda6e41d3e5ed30851d1e2e0f6a2e7e342d3",
                "sha256:120fecba2ec5d14b5a15d11063b39783fda8dc8d24addd83196acb6582cabd9b",
                "sha256:17bb6fe72784b630728c6cff9c9d10ccc3b6d04e85da6e0a7b27fb1d135fac62",
                "sha256:18305d5a082d1593b005a895c10041f833b16788e88b02bb81061f5ebcc465df",
                "sha256:196082b9c89ebf0961dcd77cb114bed8171964c8e3063b9da2fb33536a6938ed",
                "sha256:1c66a25afc6c71d357867b341da594a5587db5849b48f4b7d5908d236bb62ede",
                "sha256:1cc400c8a2173d1c042997d98a9563e12d9bb3fb6ad36b7f355bc77c7663b8af",
                "sha256:2070e87d95991473244c72d96d13596c751cb35558e11f5df5414981e7ed2492",
                "sha256:2106d9c16527f0a85e2eea6e6b91a74fc99579c60dd810d8690843ea02bc0f5f",
                "sha256:221d42c654d2a41fa31323216279c73ed17d92f533bc140a3390cc1bd78bf63c",
                "sha256:274ffbb39717918c514b35176510ae9be06e1d93121e84d50b350861dcb9a705",
                "sha256:2f2ff7ba0f8f431f32d4b4bc3a3713426949d3533b08466c4ff1b2b475932ca8",
                "sha256:34f736bd4d0deae90015c0e383885b431444fe6b6c591dea288173df20603146",
                "sha256:46d93a1b4572b461a227f1db6b8d35a88952db1c47e5fadcf8b8a2f0e1dd9201",
                "sha256:49b301740cf5bc8fed4fee4c877570189ae3951432d79fa8e524b09353659811",
                "sha256:4fcedcab49baaa9db4a2d240ac81f2d57eb0052b1c6a9501b46b8ae912720fbf",
                "sha256:5207f4eed1b775d264fcfe379d8541e1c43b878f2b63c0698f8f5c56c40f3d68",
                "sha256:52dd02b7e7868233c571b49bc38ebd347c3bb1ff8907bb0cb74cb5f00c790afc",
                "sha256:5f8b3a971c7820ea9878f3fd70086240a36aeee15d1b7e9ecbc2743b0e785568",
                "sha256:64419cb8a5b612cdb1550c2fd4acbb7d4fb263556cf4625f25522337e461509e",
                "sha256:6b6c3a95d27846f4145d6967899b3ab25fffc6ae99544415e1adcacef84842d2",
                "sha256:6fd0c9cede9552bf00f8c5791d257d5bf3790d7057b26c59df08be5e7a1e021d",
                "sha256:822ceec743d42a627e64ea266059a62d214c5a3cdfcd0d7fe2b7a8e4e82527c7",
                "sha256:8a5272061826e6164f96e3255405ef6f73b88fd3e8bef464c7d061af8585ac62",
                "sha256:8c9f89c42749890618cd3c2464e1fbf88446e3d2f67f1e334c8e5db2f3272bbd",
                "sha256:9b449e966ef518ce9c860d21f8afe0b0f055220d95bc710301752ac1db96dd6a",
                "sha256:9fb17ff8c0d56099ac6ebfa84f670c5a62228d6b5c695cf21c02160c2ac1446b",
                "sha256:a4f9ba141380abde6c3adc1727f21529137a2552002243fa87c41a07e528245c",
                "sha256:a7d0017b92d3850abea87c1bdec6ea41104e71c77bca44c3e17f175c6700af62",
                "sha256:aa34d2ad9f24e47fa9a3172801c676e4037d862247e39030165fe83821a7aafd",
                "sha256:afbb3475cf7f4f7d380c2ca37ee826e51974f3e2665613996a91d6a58583a534",
                "sha256:b6a1b39e59ac5a3067794a0e498911cf2e37e4b19ee9e9977dc5e7051714f13f",
                "sha256:cf0a1fb18a7204b9c44623dfbd1465b363236ce70c7a4ed30402f9f60d8b743b",
                "sha256:d0d402e158d4e84e49c158cb5204119d55e1baf363ee98d6cb5dce321c3a065d",
                "sha256:d4725fc9ec8e8822906ae26bb26f5546891aa7fbc3443de970cc556d43a5c99f",
                "sha256:dc79b2b37d779ac42341ddef40ad5bf0966a64af412c89fc2b062e3ddabb093f",
                "sha256:e1e83233d4680863a421f3ee4a7a9b80d33cd27ee9ed7593bc93f6128302d3f2",
                "sha256:ea9d0172445241ad7cb49577314e39d0af2c5267395b3561d7ced5d70458a9f3",
                "sha256:f1a3b88e3c53c1a6e6bed635ec1bbb92201bb6a1f2db186179f7f3f244829788",
                "sha256:fa9e6e61391e99708ac87fc3436f6b7b9c6b845dc4639b406e5e61901e1aacde",
                "sha256:fd86040232e805b8e6378b2348c928490ee595b058ce9aaa27ed8e4b0f172b20",
                "sha256:fe763781669790dc8b9618e7e677c839c87eae6cf28b655ee1fa69ae04eea03f"
            ],
            "index": "pypi",
            "version": "==1.49.1"
        },
        "grpcio-tools": {
            "hashes": [
                "sha256:13e13b3643e7577a3ec13b79689eb4d7548890b1e104c04b9ed6557a3c3dd452",
                "sha256:1760de2dd2c4f08de87b039043a4797f3c17193656e7e3eb84e92f0517083c0c",
                "sha256:1e6f06a763aea7836b63d9c117347f2bf7038008ceef72758815c9e09c5fb1fc",
                "sha256:1efa0c221c719433f441ac0e026fc3c4dbc9a1a08a552ecdc707775e2f2fbbae",
                "sha256:28ff2b978d9509474928b9c096a0cce4eaa9c8f7046136aee1545f6211ed8126",
                "sha256:2dfb6c7ece84d46bd690b23d3e060d18115c8bc5047d2e8a33e6747ed323a348",
                "sha256:324f67d9cb4b7058b6ce45352fb64c20cc1fa04c34d97ad44772cfe6a4ae0cf5",
                "sha256:3b8c9eb5a4250905414cd53a68caea3eb8f0c515aadb689e6e81b71ebe9ab5c6",
                "sha256:4085890b77c640085f82bf1e90a0ea166ce48000bc2f5180914b974783c9c0a8",
                "sha256:46afd3cb7e555187451a5d283f108cdef397952a662cb48680afc615b158864a",
                "sha256:49ef9a4e389a618157a9daa9fafdfeeaef1ece9adda7f50f85db928f24d4b3e8",
                "sha256:502084b622f758bef620a9107c2db9fcdf66d26c7e0e481d6bb87db4dc917d70",
                "sha256:680fbc88f8709ddcabb88f86749f2d8e429160890cff2c70680880a6970d4eef",
                "sha256:6a198871b582287213c4d70792bf275e1d7cf34eed1d019f534ddf4cd15ab039",
                "sha256:6ba87e3512bc91d78bf9febcfb522eadda171d2d4ddaf886066b0f01aa4929ad",
                "sha256:704d21509ec06efc9d034dbe70e7152715aac004941f4f0f553cf3a0aff15bd5",
                "sha256:73732f77943ac3e898879cbb29c27253aa3c47566b8a59780fd24c6a54de1b66",
                "sha256:73e9d7c886ba10e20c97d1dab0ff961ba5800757ae5e31be21b1cda8130c52f8",
                "sha256:7cc5534023735b8a8f56760b7c533918f874ce5a9064d7c5456d2709ae2b31f9",
                "sha256:8440fe7dae6a40c279e3a24b82793735babd38ecbb0d07bb712ff9c8963185d9",
                "sha256:84cc64e5b46bad43d5d7bd2fd772b656eba0366961187a847e908e2cb735db91",
                "sha256:892d3dacf1942820f0b7a868a30e6fbcdf5bec08543b682c7274b0101cee632d",
                "sha256:8f452a107c054a04db2570f7851a07f060313c6e841b0d394ce6030d598290e6",
                "sha256:9284568b728e41fa8f7e9c2e7399545d605f75d8072ef0e9aa2a05655cb679eb",
                "sha256:9887cd622770271101a7dd1832845d64744c3f88fd11ccb2620394079197a42e",
                "sha256:9e5c13809ab2f245398e8446c4c3b399a62d591db651e46806cccf52a700452e",
                "sha256:a0cca67a7d0287bdc855d81fdd38dc949c4273273a74f832f9e520abe4f20bc6",
                "sha256:a64bab81b220c50033f584f57978ebbea575f09c1ccee765cd5c462177988098",
                "sha256:aa34442cf787732cb41f2aa6172007e24f480b8b9d3dc5166de80d63e9072ea4",
                "sha256:ab15db024051bf21feb21c29cb2c3ea0a2e4f5cf341d46ef76e17fcf6aaef164",
                "sha256:ab3d0ee9623720ee585fdf3753b3755d3144a4a8ae35bca8e3655fa2f41056be",
                "sha256:b384cb8e8d9bcb55ee8f9b064374561c7a1a05d848249581403d36fc7060032f",
                "sha256:b594b2745a5ba9e7a76ce561bc5ab40bc65bb44743c505529b1e4f12af29104d",
                "sha256:b5de2bb7dd6b6231da9b1556ade981513330b740e767f1d902c71ceee0a7d196",
                "sha256:bb8773118ad315db317d7b22b5ff75d649ca20931733281209e7cbd8c0fad53e",
                "sha256:bdaff4c89eecb37c247b93025410db68114d97fa093cbb028e9bd7cda5912473",
                "sha256:c1c28751ab5955cae563d07677e799233f0fe1c0fc49d9cbd61ff1957e83617f",
                "sha256:c24239c3ee9ed16314c14b4e24437b5079ebc344f343f33629a582f8699f583b",
                "sha256:cd4b1e216dd04d9245ee8f4e601a1f98c25e6e417ea5cf8d825c50589a8b447e",
                "sha256:d277642acbe305f5586f9597b78fb9970d6633eb9f89c61e429c92c296c37129",
                "sha256:da0edb984699769ce02e18e3392d54b59a7a3f93acd285a68043f5bde4fc028e",
                "sha256:e31562f90120318c5395aabec0f2f69ad8c14b6676996b7730d9d2eaf9415d57",
                "sha256:e8c3869121860f6767eedb7d24fc54dfd71e737fdfbb26e1334684606f3274fd",
                "sha256:eed599cf08fc1a06c72492d3c5750c32f58de3750eddd984af1f257c14326701",
                "sha256:f632d376f92f23e5931697a3acf1b38df7eb719774213d93c52e02acd2d529ac"
            ],
            "index": "pypi",
            "version": "==1.49.1"
        },
        "html2image": {
            "hashes": [
                "sha256:3540fd23d25630d4e374e7de6e4ae711b40d4e672e82300f7e16ad2a9aa88553",
                "sha256:5ca86cd454c6dc91873cd479edfc5db2b48e7fa580023823896f3e67c65a02b0"
            ],
            "index": "pypi",
            "version": "==2.0.1"
        },
        "protobuf": {
            "hashes": [
                "sha256:3ec85328a35a16463c6f419dbce3c0fc42b3e904d966f17f48bae39597c7a543",
                "sha256:58b81358ec6c0b5d50df761460ae2db58405c063fd415e1101209221a0a810e1",
                "sha256:71d9dba03ed3432c878a801e2ea51e034b0ea01cf3a4344fb60166cb5f6c8757",
                "sha256:8066322588d4b499869bf9f665ebe448e793036b552f68c585a9b28f1e393f66",
                "sha256:8e09d1916386eca1ef1353767b6efcebc0a6859ed7f73cb7fb974feba3184830",
                "sha256:9643684232b6b340b5e63bb69c9b4904cdd39e4303d498d1a92abddc7e895b7f",
                "sha256:9e355f2a839d9930d83971b9f562395e13493f0e9211520f8913bd11efa53c02",
                "sha256:a74d96cd960b87b4b712797c741bb3ea3a913f5c2dc4b6cbe9c0f8360b75297d",
                "sha256:b019c79e23a80735cc8a71b95f76a49a262f579d6b84fd20a0b82279f40e2cc1",
                "sha256:c7cb105d69a87416bd9023e64324e1c089593e6dae64d2536f06bcbe49cd97d8",
                "sha256:ca200645d6235ce0df3ccfdff1567acbab35c4db222a97357806e015f85b5744",
                "sha256:d3f89ccf7182293feba2de2739c8bf34fed1ed7c65a5cf987be00311acac57c1",
                "sha256:db9056b6a11cb5131036d734bcbf91ef3ef9235d6b681b2fc431cbfe5a7f2e56",
                "sha256:f370c0a71712f8965023dd5b13277444d3cdfecc96b2c778b0e19acbfd60df6e"
            ],
            "markers": "python_version >= '3.7'",
            "version": "==4.21.7"
        },
        "setuptools": {
            "hashes": [
                "sha256:1b6bdc6161661409c5f21508763dc63ab20a9ac2f8ba20029aaaa7fdb9118012",
                "sha256:3050e338e5871e70c72983072fe34f6032ae1cdeeeb67338199c2f74e083a80e"
            ],
            "markers": "python_version >= '3.7'",
            "version": "==65.4.1"
        },
        "six": {
            "hashes": [
                "sha256:1e61c37477a1626458e36f7b1d82aa5c9b094fa4802892072e49de9c60c4c926",
                "sha256:8abb2f1d86890a2dfb989f9a77cfcfd3e47c2a354b01111771326f8aa26e0254"
            ],
            "markers": "python_version >= '2.7' and python_version not in '3.0, 3.1, 3.2, 3.3'",
            "version": "==1.16.0"
        }
    },
    "develop": {
        "autopep8": {
            "hashes": [
                "sha256:6f09e90a2be784317e84dc1add17ebfc7abe3924239957a37e5040e27d812087",
                "sha256:ca9b1a83e53a7fad65d731dc7a2a2d50aa48f43850407c59f6a1a306c4201142"
            ],
            "index": "pypi",
            "version": "==1.7.0"
        },
        "pycodestyle": {
            "hashes": [
                "sha256:2c9607871d58c76354b697b42f5d57e1ada7d261c261efac224b664affdc5785",
                "sha256:d1735fc58b418fd7c5f658d28d943854f8a849b01a5d0a1e6f3f3fdd0166804b"
            ],
            "markers": "python_version >= '3.6'",
            "version": "==2.9.1"
        },
        "toml": {
            "hashes": [
                "sha256:806143ae5bfb6a3c6e736a764057db0e6a0e05e338b5630894a5f779cabb4f9b",
                "sha256:b3bda1d108d5dd99f4a20d24d9c348e91c4db7ab1b749200bded2f839ccbe68f"
            ],
            "markers": "python_version >= '2.6' and python_version not in '3.0, 3.1, 3.2, 3.3'",
            "version": "==0.10.2"
        }
    }
}
